// !$*UTF8*$!
{
	archiveVersion = 1;
	classes = {
	};
	objectVersion = 46;
	objects = {

/* Begin PBXBuildFile section */
		D8454AE81EF55C1000632E42 /* MarkdownEditView.m in Sources */ = {isa = PBXBuildFile; fileRef = D8454AE71EF55C1000632E42 /* MarkdownEditView.m */; };
		D8454AEC1EF55F2700632E42 /* FontHelper.m in Sources */ = {isa = PBXBuildFile; fileRef = D8454AEB1EF55F2700632E42 /* FontHelper.m */; };
		D8454AF21EF5768200632E42 /* SyntaxHighLightStorage.m in Sources */ = {isa = PBXBuildFile; fileRef = D8454AF11EF5768200632E42 /* SyntaxHighLightStorage.m */; };
		D8454AF51EF57A9A00632E42 /* SyntaxHighLightConfig.m in Sources */ = {isa = PBXBuildFile; fileRef = D8454AF41EF57A9A00632E42 /* SyntaxHighLightConfig.m */; };
		D8454AF71EF62D1D00632E42 /* markdown.css in Resources */ = {isa = PBXBuildFile; fileRef = D8454AF61EF62D1D00632E42 /* markdown.css */; };
		D859FBF31EEC3C7C0075388C /* main.m in Sources */ = {isa = PBXBuildFile; fileRef = D859FBF21EEC3C7C0075388C /* main.m */; };
		D859FBF81EEC3C7C0075388C /* Assets.xcassets in Resources */ = {isa = PBXBuildFile; fileRef = D859FBF71EEC3C7C0075388C /* Assets.xcassets */; };
		D859FC031EEC3CA80075388C /* Main.storyboard in Resources */ = {isa = PBXBuildFile; fileRef = D859FC021EEC3CA80075388C /* Main.storyboard */; };
		D859FC0B1EEC3CCA0075388C /* ViewController.m in Sources */ = {isa = PBXBuildFile; fileRef = D859FC051EEC3CCA0075388C /* ViewController.m */; };
		D859FC0C1EEC3CCA0075388C /* HtmlView.m in Sources */ = {isa = PBXBuildFile; fileRef = D859FC071EEC3CCA0075388C /* HtmlView.m */; };
		D859FC0D1EEC3CCA0075388C /* TitleAccessController.m in Sources */ = {isa = PBXBuildFile; fileRef = D859FC091EEC3CCA0075388C /* TitleAccessController.m */; };
		D859FC0E1EEC3CCA0075388C /* TitleAccessController.xib in Resources */ = {isa = PBXBuildFile; fileRef = D859FC0A1EEC3CCA0075388C /* TitleAccessController.xib */; };
		D859FC111EEC3D250075388C /* key-new-01.mp3 in Resources */ = {isa = PBXBuildFile; fileRef = D859FC101EEC3D250075388C /* key-new-01.mp3 */; };
		D859FC251EEC3D4E0075388C /* MMDocument.m in Sources */ = {isa = PBXBuildFile; fileRef = D859FC141EEC3D4E0075388C /* MMDocument.m */; };
		D859FC261EEC3D4E0075388C /* MMElement.m in Sources */ = {isa = PBXBuildFile; fileRef = D859FC171EEC3D4E0075388C /* MMElement.m */; };
		D859FC271EEC3D4E0075388C /* MMGenerator.m in Sources */ = {isa = PBXBuildFile; fileRef = D859FC191EEC3D4E0075388C /* MMGenerator.m */; };
		D859FC281EEC3D4E0075388C /* MMHTMLParser.m in Sources */ = {isa = PBXBuildFile; fileRef = D859FC1B1EEC3D4E0075388C /* MMHTMLParser.m */; };
		D859FC291EEC3D4E0075388C /* MMMarkdown.m in Sources */ = {isa = PBXBuildFile; fileRef = D859FC1E1EEC3D4E0075388C /* MMMarkdown.m */; };
		D859FC2A1EEC3D4E0075388C /* MMParser.m in Sources */ = {isa = PBXBuildFile; fileRef = D859FC201EEC3D4E0075388C /* MMParser.m */; };
		D859FC2B1EEC3D4E0075388C /* MMScanner.m in Sources */ = {isa = PBXBuildFile; fileRef = D859FC221EEC3D4E0075388C /* MMScanner.m */; };
		D859FC2C1EEC3D4E0075388C /* MMSpanParser.m in Sources */ = {isa = PBXBuildFile; fileRef = D859FC241EEC3D4E0075388C /* MMSpanParser.m */; };
		D859FC2E1EEC3D740075388C /* AppDelegate.m in Sources */ = {isa = PBXBuildFile; fileRef = D859FC2D1EEC3D740075388C /* AppDelegate.m */; };
		D8F27C761EF17DC2008DB3F3 /* WindowController.m in Sources */ = {isa = PBXBuildFile; fileRef = D8F27C751EF17DC2008DB3F3 /* WindowController.m */; };
		F215F7F11F136ADB00C9FB9F /* Helper.m in Sources */ = {isa = PBXBuildFile; fileRef = F215F7F01F136ADB00C9FB9F /* Helper.m */; };
		F2F37BE11F034BB1002693CF /* MDocument.m in Sources */ = {isa = PBXBuildFile; fileRef = F2F37BE01F034BB1002693CF /* MDocument.m */; };
		FE80EDDD93715C38D5D30CCC /* libPods-iMDoes.a in Frameworks */ = {isa = PBXBuildFile; fileRef = C00D9F7E2FB0ACB6D3BF69E7 /* libPods-iMDoes.a */; };
/* End PBXBuildFile section */

/* Begin PBXFileReference section */
		5AE047F30E342C20C45EB091 /* Pods-iMDoes.debug.xcconfig */ = {isa = PBXFileReference; includeInIndex = 1; lastKnownFileType = text.xcconfig; name = "Pods-iMDoes.debug.xcconfig"; path = "Pods/Target Support Files/Pods-iMDoes/Pods-iMDoes.debug.xcconfig"; sourceTree = "<group>"; };
		9B1423B60164E9E863ECD15B /* Pods-iMDoes.release.xcconfig */ = {isa = PBXFileReference; includeInIndex = 1; lastKnownFileType = text.xcconfig; name = "Pods-iMDoes.release.xcconfig"; path = "Pods/Target Support Files/Pods-iMDoes/Pods-iMDoes.release.xcconfig"; sourceTree = "<group>"; };
		C00D9F7E2FB0ACB6D3BF69E7 /* libPods-iMDoes.a */ = {isa = PBXFileReference; explicitFileType = archive.ar; includeInIndex = 0; path = "libPods-iMDoes.a"; sourceTree = BUILT_PRODUCTS_DIR; };
		D8454AE61EF55C1000632E42 /* MarkdownEditView.h */ = {isa = PBXFileReference; fileEncoding = 4; lastKnownFileType = sourcecode.c.h; path = MarkdownEditView.h; sourceTree = "<group>"; };
		D8454AE71EF55C1000632E42 /* MarkdownEditView.m */ = {isa = PBXFileReference; fileEncoding = 4; lastKnownFileType = sourcecode.c.objc; path = MarkdownEditView.m; sourceTree = "<group>"; };
		D8454AEA1EF55F2700632E42 /* FontHelper.h */ = {isa = PBXFileReference; fileEncoding = 4; lastKnownFileType = sourcecode.c.h; path = FontHelper.h; sourceTree = "<group>"; };
		D8454AEB1EF55F2700632E42 /* FontHelper.m */ = {isa = PBXFileReference; fileEncoding = 4; lastKnownFileType = sourcecode.c.objc; path = FontHelper.m; sourceTree = "<group>"; };
		D8454AF01EF5768200632E42 /* SyntaxHighLightStorage.h */ = {isa = PBXFileReference; fileEncoding = 4; lastKnownFileType = sourcecode.c.h; path = SyntaxHighLightStorage.h; sourceTree = "<group>"; };
		D8454AF11EF5768200632E42 /* SyntaxHighLightStorage.m */ = {isa = PBXFileReference; fileEncoding = 4; lastKnownFileType = sourcecode.c.objc; path = SyntaxHighLightStorage.m; sourceTree = "<group>"; };
		D8454AF31EF57A9A00632E42 /* SyntaxHighLightConfig.h */ = {isa = PBXFileReference; fileEncoding = 4; lastKnownFileType = sourcecode.c.h; path = SyntaxHighLightConfig.h; sourceTree = "<group>"; };
		D8454AF41EF57A9A00632E42 /* SyntaxHighLightConfig.m */ = {isa = PBXFileReference; fileEncoding = 4; lastKnownFileType = sourcecode.c.objc; path = SyntaxHighLightConfig.m; sourceTree = "<group>"; };
		D8454AF61EF62D1D00632E42 /* markdown.css */ = {isa = PBXFileReference; fileEncoding = 4; lastKnownFileType = text.css; path = markdown.css; sourceTree = "<group>"; };
		D859FBEB1EEC3C7C0075388C /* iMDoes.app */ = {isa = PBXFileReference; explicitFileType = wrapper.application; includeInIndex = 0; path = iMDoes.app; sourceTree = BUILT_PRODUCTS_DIR; };
		D859FBEE1EEC3C7C0075388C /* AppDelegate.h */ = {isa = PBXFileReference; lastKnownFileType = sourcecode.c.h; path = AppDelegate.h; sourceTree = "<group>"; };
		D859FBF21EEC3C7C0075388C /* main.m */ = {isa = PBXFileReference; lastKnownFileType = sourcecode.c.objc; path = main.m; sourceTree = "<group>"; };
		D859FBF71EEC3C7C0075388C /* Assets.xcassets */ = {isa = PBXFileReference; lastKnownFileType = folder.assetcatalog; path = Assets.xcassets; sourceTree = "<group>"; };
		D859FBFC1EEC3C7C0075388C /* Info.plist */ = {isa = PBXFileReference; lastKnownFileType = text.plist.xml; path = Info.plist; sourceTree = "<group>"; };
		D859FC021EEC3CA80075388C /* Main.storyboard */ = {isa = PBXFileReference; fileEncoding = 4; lastKnownFileType = file.storyboard; path = Main.storyboard; sourceTree = "<group>"; };
		D859FC041EEC3CCA0075388C /* ViewController.h */ = {isa = PBXFileReference; fileEncoding = 4; lastKnownFileType = sourcecode.c.h; path = ViewController.h; sourceTree = "<group>"; };
		D859FC051EEC3CCA0075388C /* ViewController.m */ = {isa = PBXFileReference; fileEncoding = 4; lastKnownFileType = sourcecode.c.objc; path = ViewController.m; sourceTree = "<group>"; };
		D859FC061EEC3CCA0075388C /* HtmlView.h */ = {isa = PBXFileReference; fileEncoding = 4; lastKnownFileType = sourcecode.c.h; path = HtmlView.h; sourceTree = "<group>"; };
		D859FC071EEC3CCA0075388C /* HtmlView.m */ = {isa = PBXFileReference; fileEncoding = 4; lastKnownFileType = sourcecode.c.objc; path = HtmlView.m; sourceTree = "<group>"; };
		D859FC081EEC3CCA0075388C /* TitleAccessController.h */ = {isa = PBXFileReference; fileEncoding = 4; lastKnownFileType = sourcecode.c.h; path = TitleAccessController.h; sourceTree = "<group>"; };
		D859FC091EEC3CCA0075388C /* TitleAccessController.m */ = {isa = PBXFileReference; fileEncoding = 4; lastKnownFileType = sourcecode.c.objc; path = TitleAccessController.m; sourceTree = "<group>"; };
		D859FC0A1EEC3CCA0075388C /* TitleAccessController.xib */ = {isa = PBXFileReference; fileEncoding = 4; lastKnownFileType = file.xib; path = TitleAccessController.xib; sourceTree = "<group>"; };
		D859FC0F1EEC3CD50075388C /* iMDoes.entitlements */ = {isa = PBXFileReference; lastKnownFileType = text.plist.entitlements; path = iMDoes.entitlements; sourceTree = "<group>"; };
		D859FC101EEC3D250075388C /* key-new-01.mp3 */ = {isa = PBXFileReference; lastKnownFileType = audio.mp3; path = "key-new-01.mp3"; sourceTree = "<group>"; };
		D859FC131EEC3D4E0075388C /* MMDocument.h */ = {isa = PBXFileReference; fileEncoding = 4; lastKnownFileType = sourcecode.c.h; path = MMDocument.h; sourceTree = "<group>"; };
		D859FC141EEC3D4E0075388C /* MMDocument.m */ = {isa = PBXFileReference; fileEncoding = 4; lastKnownFileType = sourcecode.c.objc; path = MMDocument.m; sourceTree = "<group>"; };
		D859FC151EEC3D4E0075388C /* MMDocument_Private.h */ = {isa = PBXFileReference; fileEncoding = 4; lastKnownFileType = sourcecode.c.h; path = MMDocument_Private.h; sourceTree = "<group>"; };
		D859FC161EEC3D4E0075388C /* MMElement.h */ = {isa = PBXFileReference; fileEncoding = 4; lastKnownFileType = sourcecode.c.h; path = MMElement.h; sourceTree = "<group>"; };
		D859FC171EEC3D4E0075388C /* MMElement.m */ = {isa = PBXFileReference; fileEncoding = 4; lastKnownFileType = sourcecode.c.objc; path = MMElement.m; sourceTree = "<group>"; };
		D859FC181EEC3D4E0075388C /* MMGenerator.h */ = {isa = PBXFileReference; fileEncoding = 4; lastKnownFileType = sourcecode.c.h; path = MMGenerator.h; sourceTree = "<group>"; };
		D859FC191EEC3D4E0075388C /* MMGenerator.m */ = {isa = PBXFileReference; fileEncoding = 4; lastKnownFileType = sourcecode.c.objc; path = MMGenerator.m; sourceTree = "<group>"; };
		D859FC1A1EEC3D4E0075388C /* MMHTMLParser.h */ = {isa = PBXFileReference; fileEncoding = 4; lastKnownFileType = sourcecode.c.h; path = MMHTMLParser.h; sourceTree = "<group>"; };
		D859FC1B1EEC3D4E0075388C /* MMHTMLParser.m */ = {isa = PBXFileReference; fileEncoding = 4; lastKnownFileType = sourcecode.c.objc; path = MMHTMLParser.m; sourceTree = "<group>"; };
		D859FC1C1EEC3D4E0075388C /* MMMarkdown-Prefix.pch */ = {isa = PBXFileReference; fileEncoding = 4; lastKnownFileType = sourcecode.c.h; path = "MMMarkdown-Prefix.pch"; sourceTree = "<group>"; };
		D859FC1D1EEC3D4E0075388C /* MMMarkdown.h */ = {isa = PBXFileReference; fileEncoding = 4; lastKnownFileType = sourcecode.c.h; path = MMMarkdown.h; sourceTree = "<group>"; };
		D859FC1E1EEC3D4E0075388C /* MMMarkdown.m */ = {isa = PBXFileReference; fileEncoding = 4; lastKnownFileType = sourcecode.c.objc; path = MMMarkdown.m; sourceTree = "<group>"; };
		D859FC1F1EEC3D4E0075388C /* MMParser.h */ = {isa = PBXFileReference; fileEncoding = 4; lastKnownFileType = sourcecode.c.h; path = MMParser.h; sourceTree = "<group>"; };
		D859FC201EEC3D4E0075388C /* MMParser.m */ = {isa = PBXFileReference; fileEncoding = 4; lastKnownFileType = sourcecode.c.objc; path = MMParser.m; sourceTree = "<group>"; };
		D859FC211EEC3D4E0075388C /* MMScanner.h */ = {isa = PBXFileReference; fileEncoding = 4; lastKnownFileType = sourcecode.c.h; path = MMScanner.h; sourceTree = "<group>"; };
		D859FC221EEC3D4E0075388C /* MMScanner.m */ = {isa = PBXFileReference; fileEncoding = 4; lastKnownFileType = sourcecode.c.objc; path = MMScanner.m; sourceTree = "<group>"; };
		D859FC231EEC3D4E0075388C /* MMSpanParser.h */ = {isa = PBXFileReference; fileEncoding = 4; lastKnownFileType = sourcecode.c.h; path = MMSpanParser.h; sourceTree = "<group>"; };
		D859FC241EEC3D4E0075388C /* MMSpanParser.m */ = {isa = PBXFileReference; fileEncoding = 4; lastKnownFileType = sourcecode.c.objc; path = MMSpanParser.m; sourceTree = "<group>"; };
		D859FC2D1EEC3D740075388C /* AppDelegate.m */ = {isa = PBXFileReference; fileEncoding = 4; lastKnownFileType = sourcecode.c.objc; path = AppDelegate.m; sourceTree = "<group>"; };
		D8F27C741EF17DC2008DB3F3 /* WindowController.h */ = {isa = PBXFileReference; fileEncoding = 4; lastKnownFileType = sourcecode.c.h; path = WindowController.h; sourceTree = "<group>"; };
		D8F27C751EF17DC2008DB3F3 /* WindowController.m */ = {isa = PBXFileReference; fileEncoding = 4; lastKnownFileType = sourcecode.c.objc; path = WindowController.m; sourceTree = "<group>"; };
		F215F7EF1F136ADB00C9FB9F /* Helper.h */ = {isa = PBXFileReference; fileEncoding = 4; lastKnownFileType = sourcecode.c.h; path = Helper.h; sourceTree = "<group>"; };
		F215F7F01F136ADB00C9FB9F /* Helper.m */ = {isa = PBXFileReference; fileEncoding = 4; lastKnownFileType = sourcecode.c.objc; path = Helper.m; sourceTree = "<group>"; };
		F2405E411EEFBBD10062A468 /* PrefixHeader.pch */ = {isa = PBXFileReference; lastKnownFileType = sourcecode.c.h; path = PrefixHeader.pch; sourceTree = "<group>"; };
		F2F37BDF1F034BB1002693CF /* MDocument.h */ = {isa = PBXFileReference; fileEncoding = 4; lastKnownFileType = sourcecode.c.h; path = MDocument.h; sourceTree = "<group>"; };
		F2F37BE01F034BB1002693CF /* MDocument.m */ = {isa = PBXFileReference; fileEncoding = 4; lastKnownFileType = sourcecode.c.objc; path = MDocument.m; sourceTree = "<group>"; };
/* End PBXFileReference section */

/* Begin PBXFrameworksBuildPhase section */
		D859FBE81EEC3C7C0075388C /* Frameworks */ = {
			isa = PBXFrameworksBuildPhase;
			buildActionMask = 2147483647;
			files = (
				FE80EDDD93715C38D5D30CCC /* libPods-iMDoes.a in Frameworks */,
			);
			runOnlyForDeploymentPostprocessing = 0;
		};
/* End PBXFrameworksBuildPhase section */

/* Begin PBXGroup section */
		123A83EC0A64444007536FBE /* Frameworks */ = {
			isa = PBXGroup;
			children = (
				C00D9F7E2FB0ACB6D3BF69E7 /* libPods-iMDoes.a */,
			);
			name = Frameworks;
			sourceTree = "<group>";
		};
		8C090CB56E8541958444DEA3 /* Pods */ = {
			isa = PBXGroup;
			children = (
				5AE047F30E342C20C45EB091 /* Pods-iMDoes.debug.xcconfig */,
				9B1423B60164E9E863ECD15B /* Pods-iMDoes.release.xcconfig */,
			);
			name = Pods;
			sourceTree = "<group>";
		};
		D8454AE91EF55EF800632E42 /* MarkdownEdit */ = {
			isa = PBXGroup;
			children = (
				F215F7EF1F136ADB00C9FB9F /* Helper.h */,
				F215F7F01F136ADB00C9FB9F /* Helper.m */,
				D8454AE61EF55C1000632E42 /* MarkdownEditView.h */,
				D8454AE71EF55C1000632E42 /* MarkdownEditView.m */,
				D8454AF01EF5768200632E42 /* SyntaxHighLightStorage.h */,
				D8454AF11EF5768200632E42 /* SyntaxHighLightStorage.m */,
				D8454AF31EF57A9A00632E42 /* SyntaxHighLightConfig.h */,
				D8454AF41EF57A9A00632E42 /* SyntaxHighLightConfig.m */,
				D8454AEA1EF55F2700632E42 /* FontHelper.h */,
				D8454AEB1EF55F2700632E42 /* FontHelper.m */,
			);
			name = MarkdownEdit;
			sourceTree = "<group>";
		};
		D859FBE21EEC3C7C0075388C = {
			isa = PBXGroup;
			children = (
				F2F37BDE1F034B97002693CF /* MDocument */,
				D859FBED1EEC3C7C0075388C /* iMDoes */,
				D859FBEC1EEC3C7C0075388C /* Products */,
				8C090CB56E8541958444DEA3 /* Pods */,
				123A83EC0A64444007536FBE /* Frameworks */,
			);
			sourceTree = "<group>";
		};
		D859FBEC1EEC3C7C0075388C /* Products */ = {
			isa = PBXGroup;
			children = (
				D859FBEB1EEC3C7C0075388C /* iMDoes.app */,
			);
			name = Products;
			sourceTree = "<group>";
		};
		D859FBED1EEC3C7C0075388C /* iMDoes */ = {
			isa = PBXGroup;
			children = (
				D8454AF61EF62D1D00632E42 /* markdown.css */,
				D859FC121EEC3D410075388C /* Markdown */,
				D859FC101EEC3D250075388C /* key-new-01.mp3 */,
				D859FC0F1EEC3CD50075388C /* iMDoes.entitlements */,
				D859FBEE1EEC3C7C0075388C /* AppDelegate.h */,
				D859FC2D1EEC3D740075388C /* AppDelegate.m */,
				D8F27C741EF17DC2008DB3F3 /* WindowController.h */,
				D8F27C751EF17DC2008DB3F3 /* WindowController.m */,
				D859FC041EEC3CCA0075388C /* ViewController.h */,
				D859FC051EEC3CCA0075388C /* ViewController.m */,
				D8454AE91EF55EF800632E42 /* MarkdownEdit */,
				D859FC061EEC3CCA0075388C /* HtmlView.h */,
				D859FC071EEC3CCA0075388C /* HtmlView.m */,
				D859FC081EEC3CCA0075388C /* TitleAccessController.h */,
				D859FC091EEC3CCA0075388C /* TitleAccessController.m */,
				D859FC0A1EEC3CCA0075388C /* TitleAccessController.xib */,
				D859FBF71EEC3C7C0075388C /* Assets.xcassets */,
				D859FC021EEC3CA80075388C /* Main.storyboard */,
				D859FBFC1EEC3C7C0075388C /* Info.plist */,
				D859FBF11EEC3C7C0075388C /* Supporting Files */,
			);
			path = iMDoes;
			sourceTree = "<group>";
		};
		D859FBF11EEC3C7C0075388C /* Supporting Files */ = {
			isa = PBXGroup;
			children = (
				D859FBF21EEC3C7C0075388C /* main.m */,
				F2405E411EEFBBD10062A468 /* PrefixHeader.pch */,
			);
			name = "Supporting Files";
			sourceTree = "<group>";
		};
		D859FC121EEC3D410075388C /* Markdown */ = {
			isa = PBXGroup;
			children = (
				D859FC131EEC3D4E0075388C /* MMDocument.h */,
				D859FC141EEC3D4E0075388C /* MMDocument.m */,
				D859FC151EEC3D4E0075388C /* MMDocument_Private.h */,
				D859FC161EEC3D4E0075388C /* MMElement.h */,
				D859FC171EEC3D4E0075388C /* MMElement.m */,
				D859FC181EEC3D4E0075388C /* MMGenerator.h */,
				D859FC191EEC3D4E0075388C /* MMGenerator.m */,
				D859FC1A1EEC3D4E0075388C /* MMHTMLParser.h */,
				D859FC1B1EEC3D4E0075388C /* MMHTMLParser.m */,
				D859FC1C1EEC3D4E0075388C /* MMMarkdown-Prefix.pch */,
				D859FC1D1EEC3D4E0075388C /* MMMarkdown.h */,
				D859FC1E1EEC3D4E0075388C /* MMMarkdown.m */,
				D859FC1F1EEC3D4E0075388C /* MMParser.h */,
				D859FC201EEC3D4E0075388C /* MMParser.m */,
				D859FC211EEC3D4E0075388C /* MMScanner.h */,
				D859FC221EEC3D4E0075388C /* MMScanner.m */,
				D859FC231EEC3D4E0075388C /* MMSpanParser.h */,
				D859FC241EEC3D4E0075388C /* MMSpanParser.m */,
			);
			path = Markdown;
			sourceTree = "<group>";
		};
		F2F37BDE1F034B97002693CF /* MDocument */ = {
			isa = PBXGroup;
			children = (
				F2F37BDF1F034BB1002693CF /* MDocument.h */,
				F2F37BE01F034BB1002693CF /* MDocument.m */,
			);
			path = MDocument;
			sourceTree = "<group>";
		};
/* End PBXGroup section */

/* Begin PBXNativeTarget section */
		D859FBEA1EEC3C7C0075388C /* iMDoes */ = {
			isa = PBXNativeTarget;
			buildConfigurationList = D859FBFF1EEC3C7C0075388C /* Build configuration list for PBXNativeTarget "iMDoes" */;
			buildPhases = (
				57FAC14851A82906D36F5B96 /* [CP] Check Pods Manifest.lock */,
				D859FBE71EEC3C7C0075388C /* Sources */,
				D859FBE81EEC3C7C0075388C /* Frameworks */,
				D859FBE91EEC3C7C0075388C /* Resources */,
				76AE00D935690A9D6210A7FD /* [CP] Embed Pods Frameworks */,
				8A5F75CF07A4D65C7C24BBE5 /* [CP] Copy Pods Resources */,
			);
			buildRules = (
			);
			dependencies = (
			);
			name = iMDoes;
			productName = iMDoes;
			productReference = D859FBEB1EEC3C7C0075388C /* iMDoes.app */;
			productType = "com.apple.product-type.application";
		};
/* End PBXNativeTarget section */

/* Begin PBXProject section */
		D859FBE31EEC3C7C0075388C /* Project object */ = {
			isa = PBXProject;
			attributes = {
				LastUpgradeCheck = 0830;
				ORGANIZATIONNAME = Alexcai;
				TargetAttributes = {
					D859FBEA1EEC3C7C0075388C = {
						CreatedOnToolsVersion = 8.3.2;
						DevelopmentTeam = Z6P4JKNFHR;
						ProvisioningStyle = Automatic;
						SystemCapabilities = {
							com.apple.Sandbox = {
								enabled = 1;
							};
						};
					};
				};
			};
			buildConfigurationList = D859FBE61EEC3C7C0075388C /* Build configuration list for PBXProject "iMDoes" */;
			compatibilityVersion = "Xcode 3.2";
			developmentRegion = English;
			hasScannedForEncodings = 0;
			knownRegions = (
				en,
				Base,
			);
			mainGroup = D859FBE21EEC3C7C0075388C;
			productRefGroup = D859FBEC1EEC3C7C0075388C /* Products */;
			projectDirPath = "";
			projectRoot = "";
			targets = (
				D859FBEA1EEC3C7C0075388C /* iMDoes */,
			);
		};
/* End PBXProject section */

/* Begin PBXResourcesBuildPhase section */
		D859FBE91EEC3C7C0075388C /* Resources */ = {
			isa = PBXResourcesBuildPhase;
			buildActionMask = 2147483647;
			files = (
				D859FBF81EEC3C7C0075388C /* Assets.xcassets in Resources */,
				D859FC0E1EEC3CCA0075388C /* TitleAccessController.xib in Resources */,
				D859FC111EEC3D250075388C /* key-new-01.mp3 in Resources */,
				D859FC031EEC3CA80075388C /* Main.storyboard in Resources */,
				D8454AF71EF62D1D00632E42 /* markdown.css in Resources */,
			);
			runOnlyForDeploymentPostprocessing = 0;
		};
/* End PBXResourcesBuildPhase section */

/* Begin PBXShellScriptBuildPhase section */
		57FAC14851A82906D36F5B96 /* [CP] Check Pods Manifest.lock */ = {
			isa = PBXShellScriptBuildPhase;
			buildActionMask = 2147483647;
			files = (
			);
			inputPaths = (
			);
			name = "[CP] Check Pods Manifest.lock";
			outputPaths = (
			);
			runOnlyForDeploymentPostprocessing = 0;
			shellPath = /bin/sh;
			shellScript = "diff \"${PODS_PODFILE_DIR_PATH}/Podfile.lock\" \"${PODS_ROOT}/Manifest.lock\" > /dev/null\nif [ $? != 0 ] ; then\n    # print error to STDERR\n    echo \"error: The sandbox is not in sync with the Podfile.lock. Run 'pod install' or update your CocoaPods installation.\" >&2\n    exit 1\nfi\n";
			showEnvVarsInLog = 0;
		};
		76AE00D935690A9D6210A7FD /* [CP] Embed Pods Frameworks */ = {
			isa = PBXShellScriptBuildPhase;
			buildActionMask = 2147483647;
			files = (
			);
			inputPaths = (
			);
			name = "[CP] Embed Pods Frameworks";
			outputPaths = (
			);
			runOnlyForDeploymentPostprocessing = 0;
			shellPath = /bin/sh;
			shellScript = "\"${SRCROOT}/Pods/Target Support Files/Pods-iMDoes/Pods-iMDoes-frameworks.sh\"\n";
			showEnvVarsInLog = 0;
		};
		8A5F75CF07A4D65C7C24BBE5 /* [CP] Copy Pods Resources */ = {
			isa = PBXShellScriptBuildPhase;
			buildActionMask = 2147483647;
			files = (
			);
			inputPaths = (
			);
			name = "[CP] Copy Pods Resources";
			outputPaths = (
			);
			runOnlyForDeploymentPostprocessing = 0;
			shellPath = /bin/sh;
			shellScript = "\"${SRCROOT}/Pods/Target Support Files/Pods-iMDoes/Pods-iMDoes-resources.sh\"\n";
			showEnvVarsInLog = 0;
		};
/* End PBXShellScriptBuildPhase section */

/* Begin PBXSourcesBuildPhase section */
		D859FBE71EEC3C7C0075388C /* Sources */ = {
			isa = PBXSourcesBuildPhase;
			buildActionMask = 2147483647;
			files = (
				D859FC2A1EEC3D4E0075388C /* MMParser.m in Sources */,
				D8F27C761EF17DC2008DB3F3 /* WindowController.m in Sources */,
				D859FC0B1EEC3CCA0075388C /* ViewController.m in Sources */,
				D859FC2C1EEC3D4E0075388C /* MMSpanParser.m in Sources */,
				F2F37BE11F034BB1002693CF /* MDocument.m in Sources */,
				D859FC2B1EEC3D4E0075388C /* MMScanner.m in Sources */,
				D8454AE81EF55C1000632E42 /* MarkdownEditView.m in Sources */,
				D859FC281EEC3D4E0075388C /* MMHTMLParser.m in Sources */,
				D859FC271EEC3D4E0075388C /* MMGenerator.m in Sources */,
				D859FC261EEC3D4E0075388C /* MMElement.m in Sources */,
				D859FC2E1EEC3D740075388C /* AppDelegate.m in Sources */,
				D8454AF21EF5768200632E42 /* SyntaxHighLightStorage.m in Sources */,
				D8454AF51EF57A9A00632E42 /* SyntaxHighLightConfig.m in Sources */,
				D859FC291EEC3D4E0075388C /* MMMarkdown.m in Sources */,
				D859FC0C1EEC3CCA0075388C /* HtmlView.m in Sources */,
				D859FC251EEC3D4E0075388C /* MMDocument.m in Sources */,
				D859FBF31EEC3C7C0075388C /* main.m in Sources */,
				D8454AEC1EF55F2700632E42 /* FontHelper.m in Sources */,
				D859FC0D1EEC3CCA0075388C /* TitleAccessController.m in Sources */,
				F215F7F11F136ADB00C9FB9F /* Helper.m in Sources */,
			);
			runOnlyForDeploymentPostprocessing = 0;
		};
/* End PBXSourcesBuildPhase section */

/* Begin XCBuildConfiguration section */
		D859FBFD1EEC3C7C0075388C /* Debug */ = {
			isa = XCBuildConfiguration;
			buildSettings = {
				ALWAYS_SEARCH_USER_PATHS = NO;
				CLANG_ANALYZER_NONNULL = YES;
				CLANG_ANALYZER_NUMBER_OBJECT_CONVERSION = YES_AGGRESSIVE;
				CLANG_CXX_LANGUAGE_STANDARD = "gnu++0x";
				CLANG_CXX_LIBRARY = "libc++";
				CLANG_ENABLE_MODULES = YES;
				CLANG_ENABLE_OBJC_ARC = YES;
				CLANG_WARN_BOOL_CONVERSION = YES;
				CLANG_WARN_CONSTANT_CONVERSION = YES;
				CLANG_WARN_DIRECT_OBJC_ISA_USAGE = YES_ERROR;
				CLANG_WARN_DOCUMENTATION_COMMENTS = YES;
				CLANG_WARN_EMPTY_BODY = YES;
				CLANG_WARN_ENUM_CONVERSION = YES;
				CLANG_WARN_INFINITE_RECURSION = YES;
				CLANG_WARN_INT_CONVERSION = YES;
				CLANG_WARN_OBJC_ROOT_CLASS = YES_ERROR;
				CLANG_WARN_SUSPICIOUS_MOVE = YES;
				CLANG_WARN_UNREACHABLE_CODE = YES;
				CLANG_WARN__DUPLICATE_METHOD_MATCH = YES;
				CODE_SIGN_IDENTITY = "-";
				COPY_PHASE_STRIP = NO;
				DEBUG_INFORMATION_FORMAT = dwarf;
				ENABLE_STRICT_OBJC_MSGSEND = YES;
				ENABLE_TESTABILITY = YES;
				GCC_C_LANGUAGE_STANDARD = gnu99;
				GCC_DYNAMIC_NO_PIC = NO;
				GCC_NO_COMMON_BLOCKS = YES;
				GCC_OPTIMIZATION_LEVEL = 0;
				GCC_PREPROCESSOR_DEFINITIONS = (
					"DEBUG=1",
					"$(inherited)",
				);
				GCC_WARN_64_TO_32_BIT_CONVERSION = YES;
				GCC_WARN_ABOUT_RETURN_TYPE = YES_ERROR;
				GCC_WARN_UNDECLARED_SELECTOR = YES;
				GCC_WARN_UNINITIALIZED_AUTOS = YES_AGGRESSIVE;
				GCC_WARN_UNUSED_FUNCTION = YES;
				GCC_WARN_UNUSED_VARIABLE = YES;
				MACOSX_DEPLOYMENT_TARGET = 10.12;
				MTL_ENABLE_DEBUG_INFO = YES;
				ONLY_ACTIVE_ARCH = YES;
				SDKROOT = macosx;
			};
			name = Debug;
		};
		D859FBFE1EEC3C7C0075388C /* Release */ = {
			isa = XCBuildConfiguration;
			buildSettings = {
				ALWAYS_SEARCH_USER_PATHS = NO;
				CLANG_ANALYZER_NONNULL = YES;
				CLANG_ANALYZER_NUMBER_OBJECT_CONVERSION = YES_AGGRESSIVE;
				CLANG_CXX_LANGUAGE_STANDARD = "gnu++0x";
				CLANG_CXX_LIBRARY = "libc++";
				CLANG_ENABLE_MODULES = YES;
				CLANG_ENABLE_OBJC_ARC = YES;
				CLANG_WARN_BOOL_CONVERSION = YES;
				CLANG_WARN_CONSTANT_CONVERSION = YES;
				CLANG_WARN_DIRECT_OBJC_ISA_USAGE = YES_ERROR;
				CLANG_WARN_DOCUMENTATION_COMMENTS = YES;
				CLANG_WARN_EMPTY_BODY = YES;
				CLANG_WARN_ENUM_CONVERSION = YES;
				CLANG_WARN_INFINITE_RECURSION = YES;
				CLANG_WARN_INT_CONVERSION = YES;
				CLANG_WARN_OBJC_ROOT_CLASS = YES_ERROR;
				CLANG_WARN_SUSPICIOUS_MOVE = YES;
				CLANG_WARN_UNREACHABLE_CODE = YES;
				CLANG_WARN__DUPLICATE_METHOD_MATCH = YES;
				CODE_SIGN_IDENTITY = "-";
				COPY_PHASE_STRIP = NO;
				DEBUG_INFORMATION_FORMAT = "dwarf-with-dsym";
				ENABLE_NS_ASSERTIONS = NO;
				ENABLE_STRICT_OBJC_MSGSEND = YES;
				GCC_C_LANGUAGE_STANDARD = gnu99;
				GCC_NO_COMMON_BLOCKS = YES;
				GCC_WARN_64_TO_32_BIT_CONVERSION = YES;
				GCC_WARN_ABOUT_RETURN_TYPE = YES_ERROR;
				GCC_WARN_UNDECLARED_SELECTOR = YES;
				GCC_WARN_UNINITIALIZED_AUTOS = YES_AGGRESSIVE;
				GCC_WARN_UNUSED_FUNCTION = YES;
				GCC_WARN_UNUSED_VARIABLE = YES;
				MACOSX_DEPLOYMENT_TARGET = 10.12;
				MTL_ENABLE_DEBUG_INFO = NO;
				ONLY_ACTIVE_ARCH = YES;
				SDKROOT = macosx;
			};
			name = Release;
		};
		D859FC001EEC3C7C0075388C /* Debug */ = {
			isa = XCBuildConfiguration;
			baseConfigurationReference = 5AE047F30E342C20C45EB091 /* Pods-iMDoes.debug.xcconfig */;
			buildSettings = {
				ASSETCATALOG_COMPILER_APPICON_NAME = AppIcon;
				CODE_SIGN_ENTITLEMENTS = iMDoes/iMDoes.entitlements;
				CODE_SIGN_IDENTITY = "Mac Developer";
				COMBINE_HIDPI_IMAGES = YES;
				DEVELOPMENT_TEAM = Z6P4JKNFHR;
				GCC_PRECOMPILE_PREFIX_HEADER = YES;
				GCC_PREFIX_HEADER = "$(SRCROOT)/iMDoes/PrefixHeader.pch";
				INFOPLIST_FILE = iMDoes/Info.plist;
				LD_RUNPATH_SEARCH_PATHS = "$(inherited) @executable_path/../Frameworks";
				MACOSX_DEPLOYMENT_TARGET = 10.12;
				PRODUCT_BUNDLE_IDENTIFIER = com.alexiuce.iMDoes;
				PRODUCT_NAME = "$(TARGET_NAME)";
				PROVISIONING_PROFILE_SPECIFIER = "";
			};
			name = Debug;
		};
		D859FC011EEC3C7C0075388C /* Release */ = {
			isa = XCBuildConfiguration;
			baseConfigurationReference = 9B1423B60164E9E863ECD15B /* Pods-iMDoes.release.xcconfig */;
			buildSettings = {
				ASSETCATALOG_COMPILER_APPICON_NAME = AppIcon;
				CODE_SIGN_ENTITLEMENTS = iMDoes/iMDoes.entitlements;
				CODE_SIGN_IDENTITY = "Mac Developer";
				COMBINE_HIDPI_IMAGES = YES;
				DEVELOPMENT_TEAM = Z6P4JKNFHR;
				GCC_PRECOMPILE_PREFIX_HEADER = YES;
				GCC_PREFIX_HEADER = "$(SRCROOT)/iMDoes/PrefixHeader.pch";
				INFOPLIST_FILE = iMDoes/Info.plist;
				LD_RUNPATH_SEARCH_PATHS = "$(inherited) @executable_path/../Frameworks";
				MACOSX_DEPLOYMENT_TARGET = 10.12;
				PRODUCT_BUNDLE_IDENTIFIER = com.alexiuce.iMDoes;
				PRODUCT_NAME = "$(TARGET_NAME)";
				PROVISIONING_PROFILE_SPECIFIER = "";
			};
			name = Release;
		};
/* End XCBuildConfiguration section */

/* Begin XCConfigurationList section */
		D859FBE61EEC3C7C0075388C /* Build configuration list for PBXProject "iMDoes" */ = {
			isa = XCConfigurationList;
			buildConfigurations = (
				D859FBFD1EEC3C7C0075388C /* Debug */,
				D859FBFE1EEC3C7C0075388C /* Release */,
			);
			defaultConfigurationIsVisible = 0;
			defaultConfigurationName = Release;
		};
		D859FBFF1EEC3C7C0075388C /* Build configuration list for PBXNativeTarget "iMDoes" */ = {
			isa = XCConfigurationList;
			buildConfigurations = (
				D859FC001EEC3C7C0075388C /* Debug */,
				D859FC011EEC3C7C0075388C /* Release */,
			);
			defaultConfigurationIsVisible = 0;
			defaultConfigurationName = Release;
		};
/* End XCConfigurationList section */
	};
	rootObject = D859FBE31EEC3C7C0075388C /* Project object */;
}
